
Microsoft Visual Studio Solution File, Format Version 12.00
# Visual Studio Version 17
VisualStudioVersion = 17.5.33424.131
MinimumVisualStudioVersion = 10.0.40219.1
Project("{9A19103F-16F7-4668-BE54-9A1E7A4F7556}") = "SportsStore", "SportsStore\SportsStore.csproj", "{3A91A2C0-D443-429D-BD9E-1FB64139AFC9}"
EndProject
Project("{FAE04EC0-301F-11D3-BF4B-00C04F79EFBC}") = "SportsStoreTests", "SportsStoreTests\SportsStoreTests.csproj", "{9E0685AA-C3E8-4FF1-8815-D61DF8A0BF82}"
	ProjectSection(ProjectDependencies) = postProject
		{3A91A2C0-D443-429D-BD9E-1FB64139AFC9} = {3A91A2C0-D443-429D-BD9E-1FB64139AFC9}
	EndProjectSection
EndProject
Global
	GlobalSection(SolutionConfigurationPlatforms) = preSolution
		Debug|Any CPU = Debug|Any CPU
		Release|Any CPU = Release|Any CPU
	EndGlobalSection
	GlobalSection(ProjectConfigurationPlatforms) = postSolution
		{3A91A2C0-D443-429D-BD9E-1FB64139AFC9}.Debug|Any CPU.ActiveCfg = Debug|Any CPU
		{3A91A2C0-D443-429D-BD9E-1FB64139AFC9}.Debug|Any CPU.Build.0 = Debug|Any CPU
		{3A91A2C0-D443-429D-BD9E-1FB64139AFC9}.Release|Any CPU.ActiveCfg = Release|Any CPU
		{3A91A2C0-D443-429D-BD9E-1FB64139AFC9}.Release|Any CPU.Build.0 = Release|Any CPU
		{9E0685AA-C3E8-4FF1-8815-D61DF8A0BF82}.Debug|Any CPU.ActiveCfg = Debug|Any CPU
		{9E0685AA-C3E8-4FF1-8815-D61DF8A0BF82}.Debug|Any CPU.Build.0 = Debug|Any CPU
		{9E0685AA-C3E8-4FF1-8815-D61DF8A0BF82}.Release|Any CPU.ActiveCfg = Release|Any CPU
		{9E0685AA-C3E8-4FF1-8815-D61DF8A0BF82}.Release|Any CPU.Build.0 = Release|Any CPU
	EndGlobalSection
	GlobalSection(SolutionProperties) = preSolution
		HideSolutionNode = FALSE
	EndGlobalSection
	GlobalSection(ExtensibilityGlobals) = postSolution
		SolutionGuid = {BF4A9D0A-13D5-45F1-A9F7-E5077545FD2C}
	EndGlobalSection
EndGlobal
